
Microsoft Visual Studio Solution File, Format Version 12.00
# Visual Studio Version 16
VisualStudioVersion = 16.0.30225.117
MinimumVisualStudioVersion = 10.0.40219.1
Project("{FAE04EC0-301F-11D3-BF4B-00C04F79EFBC}") = "WebService", "WebService.csproj", "{B83138B4-AB14-46AC-B101-3B4AF045F23C}"
EndProject
Project("{FAE04EC0-301F-11D3-BF4B-00C04F79EFBC}") = "NetworkDataAccess", "..\NetworkDataAccess\NetworkDataAccess.csproj", "{00D3A8B2-F2BE-458A-A5DE-7676A8E73863}"
EndProject
Project("{FAE04EC0-301F-11D3-BF4B-00C04F79EFBC}") = "Contract", "..\Contract\Contract.csproj", "{EC35900A-55A6-452A-9FD3-94C283EF2A1C}"
EndProject
Project("{FAE04EC0-301F-11D3-BF4B-00C04F79EFBC}") = "Core", "..\Core\Core.csproj", "{632C7C34-93C7-4912-A110-131549EAD36A}"
EndProject
Global
	GlobalSection(SolutionConfigurationPlatforms) = preSolution
		Debug|Any CPU = Debug|Any CPU
		Release|Any CPU = Release|Any CPU
	EndGlobalSection
	GlobalSection(ProjectConfigurationPlatforms) = postSolution
		{B83138B4-AB14-46AC-B101-3B4AF045F23C}.Debug|Any CPU.ActiveCfg = Debug|Any CPU
		{B83138B4-AB14-46AC-B101-3B4AF045F23C}.Debug|Any CPU.Build.0 = Debug|Any CPU
		{B83138B4-AB14-46AC-B101-3B4AF045F23C}.Release|Any CPU.ActiveCfg = Release|Any CPU
		{B83138B4-AB14-46AC-B101-3B4AF045F23C}.Release|Any CPU.Build.0 = Release|Any CPU
		{00D3A8B2-F2BE-458A-A5DE-7676A8E73863}.Debug|Any CPU.ActiveCfg = Debug|Any CPU
		{00D3A8B2-F2BE-458A-A5DE-7676A8E73863}.Debug|Any CPU.Build.0 = Debug|Any CPU
		{00D3A8B2-F2BE-458A-A5DE-7676A8E73863}.Release|Any CPU.ActiveCfg = Release|Any CPU
		{00D3A8B2-F2BE-458A-A5DE-7676A8E73863}.Release|Any CPU.Build.0 = Release|Any CPU
		{EC35900A-55A6-452A-9FD3-94C283EF2A1C}.Debug|Any CPU.ActiveCfg = Debug|Any CPU
		{EC35900A-55A6-452A-9FD3-94C283EF2A1C}.Debug|Any CPU.Build.0 = Debug|Any CPU
		{EC35900A-55A6-452A-9FD3-94C283EF2A1C}.Release|Any CPU.ActiveCfg = Release|Any CPU
		{EC35900A-55A6-452A-9FD3-94C283EF2A1C}.Release|Any CPU.Build.0 = Release|Any CPU
		{632C7C34-93C7-4912-A110-131549EAD36A}.Debug|Any CPU.ActiveCfg = Debug|Any CPU
		{632C7C34-93C7-4912-A110-131549EAD36A}.Debug|Any CPU.Build.0 = Debug|Any CPU
		{632C7C34-93C7-4912-A110-131549EAD36A}.Release|Any CPU.ActiveCfg = Release|Any CPU
		{632C7C34-93C7-4912-A110-131549EAD36A}.Release|Any CPU.Build.0 = Release|Any CPU
	EndGlobalSection
	GlobalSection(SolutionProperties) = preSolution
		HideSolutionNode = FALSE
	EndGlobalSection
	GlobalSection(ExtensibilityGlobals) = postSolution
		SolutionGuid = {C187FB0B-A8F5-4258-9A87-727805F3C99C}
	EndGlobalSection
EndGlobal
